
Microsoft Visual Studio Solution File, Format Version 12.00
# Visual Studio Version 17
VisualStudioVersion = 17.5.33516.290
MinimumVisualStudioVersion = 10.0.40219.1
Project("{FAE04EC0-301F-11D3-BF4B-00C04F79EFBC}") = "BookStuff", "BookStuff\BookStuff.csproj", "{B8F35E63-3723-48F4-8F1A-DD423BDC2E2B}"
EndProject
Global
	GlobalSection(SolutionConfigurationPlatforms) = preSolution
		Debug|Any CPU = Debug|Any CPU
		Release|Any CPU = Release|Any CPU
	EndGlobalSection
	GlobalSection(ProjectConfigurationPlatforms) = postSolution
		{B8F35E63-3723-48F4-8F1A-DD423BDC2E2B}.Debug|Any CPU.ActiveCfg = Debug|Any CPU
		{B8F35E63-3723-48F4-8F1A-DD423BDC2E2B}.Debug|Any CPU.Build.0 = Debug|Any CPU
		{B8F35E63-3723-48F4-8F1A-DD423BDC2E2B}.Release|Any CPU.ActiveCfg = Release|Any CPU
		{B8F35E63-3723-48F4-8F1A-DD423BDC2E2B}.Release|Any CPU.Build.0 = Release|Any CPU
	EndGlobalSection
	GlobalSection(SolutionProperties) = preSolution
		HideSolutionNode = FALSE
	EndGlobalSection
	GlobalSection(ExtensibilityGlobals) = postSolution
		SolutionGuid = {E4460D83-F671-40AC-8EC7-ABA793B831B3}
	EndGlobalSection
EndGlobal
